// !$*UTF8*$!
{
	archiveVersion = 1;
	classes = {
	};
	objectVersion = 52;
	objects = {

/* Begin PBXBuildFile section */
		B11E4FED265BA8D800417A1F /* TextView.swift in Sources */ = {isa = PBXBuildFile; fileRef = B11E4FEC265BA8D800417A1F /* TextView.swift */; };
		B12B5CE42657AF2100FD154E /* Alamofire.xcframework in Frameworks */ = {isa = PBXBuildFile; fileRef = B12B5CE32657AF2000FD154E /* Alamofire.xcframework */; };
		B12B5CE52657AF2100FD154E /* Alamofire.xcframework in Embed Frameworks */ = {isa = PBXBuildFile; fileRef = B12B5CE32657AF2000FD154E /* Alamofire.xcframework */; settings = {ATTRIBUTES = (CodeSignOnCopy, RemoveHeadersOnCopy, ); }; };
		B12B5CE72657C0B900FD154E /* Tab.swift in Sources */ = {isa = PBXBuildFile; fileRef = B12B5CE62657C0B900FD154E /* Tab.swift */; };
		B147CE392657EE6D00D4C0A9 /* TopicDetailContentCell.swift in Sources */ = {isa = PBXBuildFile; fileRef = B147CE382657EE6D00D4C0A9 /* TopicDetailContentCell.swift */; };
		B1583A0526C01D04002054D9 /* NavigationVC.swift in Sources */ = {isa = PBXBuildFile; fileRef = B1583A0426C01D04002054D9 /* NavigationVC.swift */; };
		B16BD8A22666367100BD36F7 /* SwiftyJSON.xcframework in Frameworks */ = {isa = PBXBuildFile; fileRef = B16BD8A12666367100BD36F7 /* SwiftyJSON.xcframework */; };
		B16BD8A32666367100BD36F7 /* SwiftyJSON.xcframework in Embed Frameworks */ = {isa = PBXBuildFile; fileRef = B16BD8A12666367100BD36F7 /* SwiftyJSON.xcframework */; settings = {ATTRIBUTES = (CodeSignOnCopy, RemoveHeadersOnCopy, ); }; };
		B16BD8A5266671C300BD36F7 /* HotTopicCell.swift in Sources */ = {isa = PBXBuildFile; fileRef = B16BD8A4266671C300BD36F7 /* HotTopicCell.swift */; };
		B16BD8A72667198900BD36F7 /* SafariActivity.swift in Sources */ = {isa = PBXBuildFile; fileRef = B16BD8A62667198900BD36F7 /* SafariActivity.swift */; };
		B16BD8AE266CD10800BD36F7 /* UIRefreshControlExtension.swift in Sources */ = {isa = PBXBuildFile; fileRef = B16BD8AD266CD10800BD36F7 /* UIRefreshControlExtension.swift */; };
		B16BD8B0266D032300BD36F7 /* Util.swift in Sources */ = {isa = PBXBuildFile; fileRef = B16BD8AF266D032300BD36F7 /* Util.swift */; };
		B171C9FE265872F9001506C8 /* TopicDetailHeaderCell.swift in Sources */ = {isa = PBXBuildFile; fileRef = B171C9FD265872F9001506C8 /* TopicDetailHeaderCell.swift */; };
		B171CA00265891C7001506C8 /* Reply.swift in Sources */ = {isa = PBXBuildFile; fileRef = B171C9FF265891C7001506C8 /* Reply.swift */; };
		B171CA02265896E6001506C8 /* ReplyCell.swift in Sources */ = {isa = PBXBuildFile; fileRef = B171CA01265896E6001506C8 /* ReplyCell.swift */; };
		B171CA042658B657001506C8 /* AppendixCell.swift in Sources */ = {isa = PBXBuildFile; fileRef = B171CA032658B657001506C8 /* AppendixCell.swift */; };
		B171CA0626595DDE001506C8 /* BaseCell.swift in Sources */ = {isa = PBXBuildFile; fileRef = B171CA0526595DDE001506C8 /* BaseCell.swift */; };
		B171CA0A2659EEDA001506C8 /* AsyncTextAttachment.swift in Sources */ = {isa = PBXBuildFile; fileRef = B171CA092659EEDA001506C8 /* AsyncTextAttachment.swift */; };
		B171CA0D2659EF75001506C8 /* NSLayoutManager+Attachments.swift in Sources */ = {isa = PBXBuildFile; fileRef = B171CA0C2659EF75001506C8 /* NSLayoutManager+Attachments.swift */; };
		B171CA0F2659EF8F001506C8 /* UIImage+Attachments.swift in Sources */ = {isa = PBXBuildFile; fileRef = B171CA0E2659EF8F001506C8 /* UIImage+Attachments.swift */; };
		B197B18126493EA20086EE2F /* ScrollMenu.swift in Sources */ = {isa = PBXBuildFile; fileRef = B197B18026493EA20086EE2F /* ScrollMenu.swift */; };
		B1BA5C7C264A2871008918F7 /* Divider.swift in Sources */ = {isa = PBXBuildFile; fileRef = B1BA5C7B264A2871008918F7 /* Divider.swift */; };
		B1BA5C7F264A33D1008918F7 /* SwiftSoup.xcframework in Frameworks */ = {isa = PBXBuildFile; fileRef = B1BA5C7E264A33D1008918F7 /* SwiftSoup.xcframework */; };
		B1BA5C80264A33D1008918F7 /* SwiftSoup.xcframework in Embed Frameworks */ = {isa = PBXBuildFile; fileRef = B1BA5C7E264A33D1008918F7 /* SwiftSoup.xcframework */; settings = {ATTRIBUTES = (CodeSignOnCopy, RemoveHeadersOnCopy, ); }; };
		B1BA5C83264A4EBE008918F7 /* TopicListCell.swift in Sources */ = {isa = PBXBuildFile; fileRef = B1BA5C82264A4EBE008918F7 /* TopicListCell.swift */; };
		B1BA5C85264ACA35008918F7 /* Kingfisher.xcframework in Frameworks */ = {isa = PBXBuildFile; fileRef = B1BA5C84264ACA35008918F7 /* Kingfisher.xcframework */; };
		B1BA5C86264ACA35008918F7 /* Kingfisher.xcframework in Embed Frameworks */ = {isa = PBXBuildFile; fileRef = B1BA5C84264ACA35008918F7 /* Kingfisher.xcframework */; settings = {ATTRIBUTES = (CodeSignOnCopy, RemoveHeadersOnCopy, ); }; };
		B1FF841B263BEA73001AEFFD /* AppDelegate.swift in Sources */ = {isa = PBXBuildFile; fileRef = B1FF841A263BEA73001AEFFD /* AppDelegate.swift */; };
		B1FF841D263BEA73001AEFFD /* SceneDelegate.swift in Sources */ = {isa = PBXBuildFile; fileRef = B1FF841C263BEA73001AEFFD /* SceneDelegate.swift */; };
		B1FF8424263BEA74001AEFFD /* Assets.xcassets in Resources */ = {isa = PBXBuildFile; fileRef = B1FF8423263BEA74001AEFFD /* Assets.xcassets */; };
		B1FF8427263BEA74001AEFFD /* LaunchScreen.storyboard in Resources */ = {isa = PBXBuildFile; fileRef = B1FF8425263BEA74001AEFFD /* LaunchScreen.storyboard */; };
		B1FF8434263C16E0001AEFFD /* HomeVC.swift in Sources */ = {isa = PBXBuildFile; fileRef = B1FF8433263C16E0001AEFFD /* HomeVC.swift */; };
		B1FF8436263C1725001AEFFD /* ExploreVC.swift in Sources */ = {isa = PBXBuildFile; fileRef = B1FF8435263C1725001AEFFD /* ExploreVC.swift */; };
		B1FF8438263C176F001AEFFD /* SettingsVC.swift in Sources */ = {isa = PBXBuildFile; fileRef = B1FF8437263C176F001AEFFD /* SettingsVC.swift */; };
		B1FF843A263E8198001AEFFD /* TopicDetailVC.swift in Sources */ = {isa = PBXBuildFile; fileRef = B1FF8439263E8198001AEFFD /* TopicDetailVC.swift */; };
		B1FF843E263E89BF001AEFFD /* API.swift in Sources */ = {isa = PBXBuildFile; fileRef = B1FF843D263E89BF001AEFFD /* API.swift */; };
		B1FF8441263E8A0F001AEFFD /* Topic.swift in Sources */ = {isa = PBXBuildFile; fileRef = B1FF8440263E8A0F001AEFFD /* Topic.swift */; };
		B1FF8443263E8A7F001AEFFD /* HTTPClient.swift in Sources */ = {isa = PBXBuildFile; fileRef = B1FF8442263E8A7F001AEFFD /* HTTPClient.swift */; };
/* End PBXBuildFile section */

/* Begin PBXCopyFilesBuildPhase section */
		B1BA5C81264A33D1008918F7 /* Embed Frameworks */ = {
			isa = PBXCopyFilesBuildPhase;
			buildActionMask = 2147483647;
			dstPath = "";
			dstSubfolderSpec = 10;
			files = (
				B12B5CE52657AF2100FD154E /* Alamofire.xcframework in Embed Frameworks */,
				B16BD8A32666367100BD36F7 /* SwiftyJSON.xcframework in Embed Frameworks */,
				B1BA5C80264A33D1008918F7 /* SwiftSoup.xcframework in Embed Frameworks */,
				B1BA5C86264ACA35008918F7 /* Kingfisher.xcframework in Embed Frameworks */,
			);
			name = "Embed Frameworks";
			runOnlyForDeploymentPostprocessing = 0;
		};
/* End PBXCopyFilesBuildPhase section */

/* Begin PBXFileReference section */
		B11E4FEC265BA8D800417A1F /* TextView.swift */ = {isa = PBXFileReference; lastKnownFileType = sourcecode.swift; path = TextView.swift; sourceTree = "<group>"; };
		B12B5CE32657AF2000FD154E /* Alamofire.xcframework */ = {isa = PBXFileReference; lastKnownFileType = wrapper.xcframework; name = Alamofire.xcframework; path = Carthage/Build/Alamofire.xcframework; sourceTree = "<group>"; };
		B12B5CE62657C0B900FD154E /* Tab.swift */ = {isa = PBXFileReference; lastKnownFileType = sourcecode.swift; path = Tab.swift; sourceTree = "<group>"; };
		B147CE382657EE6D00D4C0A9 /* TopicDetailContentCell.swift */ = {isa = PBXFileReference; lastKnownFileType = sourcecode.swift; path = TopicDetailContentCell.swift; sourceTree = "<group>"; };
		B1583A0426C01D04002054D9 /* NavigationVC.swift */ = {isa = PBXFileReference; lastKnownFileType = sourcecode.swift; path = NavigationVC.swift; sourceTree = "<group>"; };
		B16BD8A12666367100BD36F7 /* SwiftyJSON.xcframework */ = {isa = PBXFileReference; lastKnownFileType = wrapper.xcframework; name = SwiftyJSON.xcframework; path = Carthage/Build/SwiftyJSON.xcframework; sourceTree = "<group>"; };
		B16BD8A4266671C300BD36F7 /* HotTopicCell.swift */ = {isa = PBXFileReference; lastKnownFileType = sourcecode.swift; path = HotTopicCell.swift; sourceTree = "<group>"; };
		B16BD8A62667198900BD36F7 /* SafariActivity.swift */ = {isa = PBXFileReference; lastKnownFileType = sourcecode.swift; path = SafariActivity.swift; sourceTree = "<group>"; };
		B16BD8AD266CD10800BD36F7 /* UIRefreshControlExtension.swift */ = {isa = PBXFileReference; lastKnownFileType = sourcecode.swift; path = UIRefreshControlExtension.swift; sourceTree = "<group>"; };
		B16BD8AF266D032300BD36F7 /* Util.swift */ = {isa = PBXFileReference; lastKnownFileType = sourcecode.swift; path = Util.swift; sourceTree = "<group>"; };
		B171C9FD265872F9001506C8 /* TopicDetailHeaderCell.swift */ = {isa = PBXFileReference; lastKnownFileType = sourcecode.swift; path = TopicDetailHeaderCell.swift; sourceTree = "<group>"; };
		B171C9FF265891C7001506C8 /* Reply.swift */ = {isa = PBXFileReference; lastKnownFileType = sourcecode.swift; path = Reply.swift; sourceTree = "<group>"; };
		B171CA01265896E6001506C8 /* ReplyCell.swift */ = {isa = PBXFileReference; lastKnownFileType = sourcecode.swift; path = ReplyCell.swift; sourceTree = "<group>"; };
		B171CA032658B657001506C8 /* AppendixCell.swift */ = {isa = PBXFileReference; lastKnownFileType = sourcecode.swift; path = AppendixCell.swift; sourceTree = "<group>"; };
		B171CA0526595DDE001506C8 /* BaseCell.swift */ = {isa = PBXFileReference; lastKnownFileType = sourcecode.swift; path = BaseCell.swift; sourceTree = "<group>"; };
		B171CA092659EEDA001506C8 /* AsyncTextAttachment.swift */ = {isa = PBXFileReference; lastKnownFileType = sourcecode.swift; path = AsyncTextAttachment.swift; sourceTree = "<group>"; };
		B171CA0C2659EF75001506C8 /* NSLayoutManager+Attachments.swift */ = {isa = PBXFileReference; lastKnownFileType = sourcecode.swift; path = "NSLayoutManager+Attachments.swift"; sourceTree = "<group>"; };
		B171CA0E2659EF8F001506C8 /* UIImage+Attachments.swift */ = {isa = PBXFileReference; lastKnownFileType = sourcecode.swift; path = "UIImage+Attachments.swift"; sourceTree = "<group>"; };
		B197B18026493EA20086EE2F /* ScrollMenu.swift */ = {isa = PBXFileReference; lastKnownFileType = sourcecode.swift; path = ScrollMenu.swift; sourceTree = "<group>"; };
		B1BA5C7B264A2871008918F7 /* Divider.swift */ = {isa = PBXFileReference; lastKnownFileType = sourcecode.swift; path = Divider.swift; sourceTree = "<group>"; };
		B1BA5C7E264A33D1008918F7 /* SwiftSoup.xcframework */ = {isa = PBXFileReference; lastKnownFileType = wrapper.xcframework; name = SwiftSoup.xcframework; path = Carthage/Build/SwiftSoup.xcframework; sourceTree = "<group>"; };
		B1BA5C82264A4EBE008918F7 /* TopicListCell.swift */ = {isa = PBXFileReference; lastKnownFileType = sourcecode.swift; path = TopicListCell.swift; sourceTree = "<group>"; };
		B1BA5C84264ACA35008918F7 /* Kingfisher.xcframework */ = {isa = PBXFileReference; lastKnownFileType = wrapper.xcframework; name = Kingfisher.xcframework; path = Carthage/Build/Kingfisher.xcframework; sourceTree = "<group>"; };
		B1FF8417263BEA73001AEFFD /* OpenV2EX.app */ = {isa = PBXFileReference; explicitFileType = wrapper.application; includeInIndex = 0; path = OpenV2EX.app; sourceTree = BUILT_PRODUCTS_DIR; };
		B1FF841A263BEA73001AEFFD /* AppDelegate.swift */ = {isa = PBXFileReference; lastKnownFileType = sourcecode.swift; path = AppDelegate.swift; sourceTree = "<group>"; };
		B1FF841C263BEA73001AEFFD /* SceneDelegate.swift */ = {isa = PBXFileReference; lastKnownFileType = sourcecode.swift; path = SceneDelegate.swift; sourceTree = "<group>"; };
		B1FF8423263BEA74001AEFFD /* Assets.xcassets */ = {isa = PBXFileReference; lastKnownFileType = folder.assetcatalog; path = Assets.xcassets; sourceTree = "<group>"; };
		B1FF8426263BEA74001AEFFD /* Base */ = {isa = PBXFileReference; lastKnownFileType = file.storyboard; name = Base; path = Base.lproj/LaunchScreen.storyboard; sourceTree = "<group>"; };
		B1FF8428263BEA74001AEFFD /* Info.plist */ = {isa = PBXFileReference; lastKnownFileType = text.plist.xml; path = Info.plist; sourceTree = "<group>"; };
		B1FF8433263C16E0001AEFFD /* HomeVC.swift */ = {isa = PBXFileReference; lastKnownFileType = sourcecode.swift; path = HomeVC.swift; sourceTree = "<group>"; };
		B1FF8435263C1725001AEFFD /* ExploreVC.swift */ = {isa = PBXFileReference; lastKnownFileType = sourcecode.swift; path = ExploreVC.swift; sourceTree = "<group>"; };
		B1FF8437263C176F001AEFFD /* SettingsVC.swift */ = {isa = PBXFileReference; lastKnownFileType = sourcecode.swift; path = SettingsVC.swift; sourceTree = "<group>"; };
		B1FF8439263E8198001AEFFD /* TopicDetailVC.swift */ = {isa = PBXFileReference; lastKnownFileType = sourcecode.swift; path = TopicDetailVC.swift; sourceTree = "<group>"; };
		B1FF843D263E89BF001AEFFD /* API.swift */ = {isa = PBXFileReference; lastKnownFileType = sourcecode.swift; path = API.swift; sourceTree = "<group>"; };
		B1FF8440263E8A0F001AEFFD /* Topic.swift */ = {isa = PBXFileReference; lastKnownFileType = sourcecode.swift; path = Topic.swift; sourceTree = "<group>"; };
		B1FF8442263E8A7F001AEFFD /* HTTPClient.swift */ = {isa = PBXFileReference; lastKnownFileType = sourcecode.swift; path = HTTPClient.swift; sourceTree = "<group>"; };
/* End PBXFileReference section */

/* Begin PBXFrameworksBuildPhase section */
		B1FF8414263BEA73001AEFFD /* Frameworks */ = {
			isa = PBXFrameworksBuildPhase;
			buildActionMask = 2147483647;
			files = (
				B12B5CE42657AF2100FD154E /* Alamofire.xcframework in Frameworks */,
				B16BD8A22666367100BD36F7 /* SwiftyJSON.xcframework in Frameworks */,
				B1BA5C7F264A33D1008918F7 /* SwiftSoup.xcframework in Frameworks */,
				B1BA5C85264ACA35008918F7 /* Kingfisher.xcframework in Frameworks */,
			);
			runOnlyForDeploymentPostprocessing = 0;
		};
/* End PBXFrameworksBuildPhase section */

/* Begin PBXGroup section */
		B16BD8AA266CB54000BD36F7 /* TableCells */ = {
			isa = PBXGroup;
			children = (
				B1BA5C82264A4EBE008918F7 /* TopicListCell.swift */,
				B147CE382657EE6D00D4C0A9 /* TopicDetailContentCell.swift */,
				B171C9FD265872F9001506C8 /* TopicDetailHeaderCell.swift */,
				B171CA01265896E6001506C8 /* ReplyCell.swift */,
				B171CA032658B657001506C8 /* AppendixCell.swift */,
				B171CA0526595DDE001506C8 /* BaseCell.swift */,
				B16BD8A4266671C300BD36F7 /* HotTopicCell.swift */,
			);
			path = TableCells;
			sourceTree = "<group>";
		};
		B171CA0B2659EF52001506C8 /* ThirdParty */ = {
			isa = PBXGroup;
			children = (
				B171CA092659EEDA001506C8 /* AsyncTextAttachment.swift */,
				B171CA0C2659EF75001506C8 /* NSLayoutManager+Attachments.swift */,
				B171CA0E2659EF8F001506C8 /* UIImage+Attachments.swift */,
			);
			path = ThirdParty;
			sourceTree = "<group>";
		};
		B197B17F264925890086EE2F /* Views */ = {
			isa = PBXGroup;
			children = (
				B16BD8AA266CB54000BD36F7 /* TableCells */,
				B171CA0B2659EF52001506C8 /* ThirdParty */,
				B197B18026493EA20086EE2F /* ScrollMenu.swift */,
				B1BA5C7B264A2871008918F7 /* Divider.swift */,
				B11E4FEC265BA8D800417A1F /* TextView.swift */,
				B16BD8A62667198900BD36F7 /* SafariActivity.swift */,
				B16BD8AD266CD10800BD36F7 /* UIRefreshControlExtension.swift */,
			);
			path = Views;
			sourceTree = "<group>";
		};
		B1BA5C7D264A33D1008918F7 /* Frameworks */ = {
			isa = PBXGroup;
			children = (
				B16BD8A12666367100BD36F7 /* SwiftyJSON.xcframework */,
				B12B5CE32657AF2000FD154E /* Alamofire.xcframework */,
				B1BA5C84264ACA35008918F7 /* Kingfisher.xcframework */,
				B1BA5C7E264A33D1008918F7 /* SwiftSoup.xcframework */,
			);
			name = Frameworks;
			sourceTree = "<group>";
		};
		B1FF840E263BEA73001AEFFD = {
			isa = PBXGroup;
			children = (
				B1FF8419263BEA73001AEFFD /* OpenV2EX */,
				B1FF8418263BEA73001AEFFD /* Products */,
				B1BA5C7D264A33D1008918F7 /* Frameworks */,
			);
			sourceTree = "<group>";
		};
		B1FF8418263BEA73001AEFFD /* Products */ = {
			isa = PBXGroup;
			children = (
				B1FF8417263BEA73001AEFFD /* OpenV2EX.app */,
			);
			name = Products;
			sourceTree = "<group>";
		};
		B1FF8419263BEA73001AEFFD /* OpenV2EX */ = {
			isa = PBXGroup;
			children = (
				B197B17F264925890086EE2F /* Views */,
				B1FF843F263E89FF001AEFFD /* Models */,
				B1FF843C263E89AB001AEFFD /* Network */,
				B1FF843B263E8990001AEFFD /* Controllers */,
				B1FF841A263BEA73001AEFFD /* AppDelegate.swift */,
				B1FF841C263BEA73001AEFFD /* SceneDelegate.swift */,
				B1FF8423263BEA74001AEFFD /* Assets.xcassets */,
				B1FF8425263BEA74001AEFFD /* LaunchScreen.storyboard */,
				B1FF8428263BEA74001AEFFD /* Info.plist */,
				B16BD8AF266D032300BD36F7 /* Util.swift */,
			);
			path = OpenV2EX;
			sourceTree = "<group>";
		};
		B1FF843B263E8990001AEFFD /* Controllers */ = {
			isa = PBXGroup;
			children = (
				B1FF8439263E8198001AEFFD /* TopicDetailVC.swift */,
				B1FF8433263C16E0001AEFFD /* HomeVC.swift */,
				B1FF8435263C1725001AEFFD /* ExploreVC.swift */,
				B1FF8437263C176F001AEFFD /* SettingsVC.swift */,
				B1583A0426C01D04002054D9 /* NavigationVC.swift */,
			);
			path = Controllers;
			sourceTree = "<group>";
		};
		B1FF843C263E89AB001AEFFD /* Network */ = {
			isa = PBXGroup;
			children = (
				B1FF843D263E89BF001AEFFD /* API.swift */,
				B1FF8442263E8A7F001AEFFD /* HTTPClient.swift */,
			);
			path = Network;
			sourceTree = "<group>";
		};
		B1FF843F263E89FF001AEFFD /* Models */ = {
			isa = PBXGroup;
			children = (
				B1FF8440263E8A0F001AEFFD /* Topic.swift */,
				B12B5CE62657C0B900FD154E /* Tab.swift */,
				B171C9FF265891C7001506C8 /* Reply.swift */,
			);
			path = Models;
			sourceTree = "<group>";
		};
/* End PBXGroup section */

/* Begin PBXNativeTarget section */
		B1FF8416263BEA73001AEFFD /* OpenV2EX */ = {
			isa = PBXNativeTarget;
			buildConfigurationList = B1FF842B263BEA74001AEFFD /* Build configuration list for PBXNativeTarget "OpenV2EX" */;
			buildPhases = (
				B1FF8413263BEA73001AEFFD /* Sources */,
				B1FF8414263BEA73001AEFFD /* Frameworks */,
				B1FF8415263BEA73001AEFFD /* Resources */,
				B1BA5C81264A33D1008918F7 /* Embed Frameworks */,
			);
			buildRules = (
			);
			dependencies = (
			);
			name = OpenV2EX;
			productName = OpenV2EX;
			productReference = B1FF8417263BEA73001AEFFD /* OpenV2EX.app */;
			productType = "com.apple.product-type.application";
		};
/* End PBXNativeTarget section */

/* Begin PBXProject section */
		B1FF840F263BEA73001AEFFD /* Project object */ = {
			isa = PBXProject;
			attributes = {
				LastSwiftUpdateCheck = 1250;
				LastUpgradeCheck = 1250;
				TargetAttributes = {
					B1FF8416263BEA73001AEFFD = {
						CreatedOnToolsVersion = 12.5;
					};
				};
			};
			buildConfigurationList = B1FF8412263BEA73001AEFFD /* Build configuration list for PBXProject "OpenV2EX" */;
			compatibilityVersion = "Xcode 9.3";
			developmentRegion = en;
			hasScannedForEncodings = 0;
			knownRegions = (
				en,
				Base,
			);
			mainGroup = B1FF840E263BEA73001AEFFD;
			productRefGroup = B1FF8418263BEA73001AEFFD /* Products */;
			projectDirPath = "";
			projectRoot = "";
			targets = (
				B1FF8416263BEA73001AEFFD /* OpenV2EX */,
			);
		};
/* End PBXProject section */

/* Begin PBXResourcesBuildPhase section */
		B1FF8415263BEA73001AEFFD /* Resources */ = {
			isa = PBXResourcesBuildPhase;
			buildActionMask = 2147483647;
			files = (
				B1FF8427263BEA74001AEFFD /* LaunchScreen.storyboard in Resources */,
				B1FF8424263BEA74001AEFFD /* Assets.xcassets in Resources */,
			);
			runOnlyForDeploymentPostprocessing = 0;
		};
/* End PBXResourcesBuildPhase section */

/* Begin PBXSourcesBuildPhase section */
		B1FF8413263BEA73001AEFFD /* Sources */ = {
			isa = PBXSourcesBuildPhase;
			buildActionMask = 2147483647;
			files = (
				B1FF841B263BEA73001AEFFD /* AppDelegate.swift in Sources */,
				B171CA00265891C7001506C8 /* Reply.swift in Sources */,
				B1BA5C83264A4EBE008918F7 /* TopicListCell.swift in Sources */,
				B171CA0626595DDE001506C8 /* BaseCell.swift in Sources */,
				B171C9FE265872F9001506C8 /* TopicDetailHeaderCell.swift in Sources */,
				B1FF843A263E8198001AEFFD /* TopicDetailVC.swift in Sources */,
				B171CA0A2659EEDA001506C8 /* AsyncTextAttachment.swift in Sources */,
				B16BD8A5266671C300BD36F7 /* HotTopicCell.swift in Sources */,
				B171CA0D2659EF75001506C8 /* NSLayoutManager+Attachments.swift in Sources */,
				B1FF8436263C1725001AEFFD /* ExploreVC.swift in Sources */,
				B16BD8B0266D032300BD36F7 /* Util.swift in Sources */,
				B16BD8A72667198900BD36F7 /* SafariActivity.swift in Sources */,
				B147CE392657EE6D00D4C0A9 /* TopicDetailContentCell.swift in Sources */,
				B1FF841D263BEA73001AEFFD /* SceneDelegate.swift in Sources */,
				B1583A0526C01D04002054D9 /* NavigationVC.swift in Sources */,
				B171CA02265896E6001506C8 /* ReplyCell.swift in Sources */,
				B1FF8434263C16E0001AEFFD /* HomeVC.swift in Sources */,
				B1FF8443263E8A7F001AEFFD /* HTTPClient.swift in Sources */,
				B171CA042658B657001506C8 /* AppendixCell.swift in Sources */,
				B1BA5C7C264A2871008918F7 /* Divider.swift in Sources */,
				B1FF8441263E8A0F001AEFFD /* Topic.swift in Sources */,
				B171CA0F2659EF8F001506C8 /* UIImage+Attachments.swift in Sources */,
				B197B18126493EA20086EE2F /* ScrollMenu.swift in Sources */,
				B16BD8AE266CD10800BD36F7 /* UIRefreshControlExtension.swift in Sources */,
				B12B5CE72657C0B900FD154E /* Tab.swift in Sources */,
				B11E4FED265BA8D800417A1F /* TextView.swift in Sources */,
				B1FF8438263C176F001AEFFD /* SettingsVC.swift in Sources */,
				B1FF843E263E89BF001AEFFD /* API.swift in Sources */,
			);
			runOnlyForDeploymentPostprocessing = 0;
		};
/* End PBXSourcesBuildPhase section */

/* Begin PBXVariantGroup section */
		B1FF8425263BEA74001AEFFD /* LaunchScreen.storyboard */ = {
			isa = PBXVariantGroup;
			children = (
				B1FF8426263BEA74001AEFFD /* Base */,
			);
			name = LaunchScreen.storyboard;
			sourceTree = "<group>";
		};
/* End PBXVariantGroup section */

/* Begin XCBuildConfiguration section */
		B1FF8429263BEA74001AEFFD /* Debug */ = {
			isa = XCBuildConfiguration;
			buildSettings = {
				ALWAYS_SEARCH_USER_PATHS = NO;
				CLANG_ANALYZER_NONNULL = YES;
				CLANG_ANALYZER_NUMBER_OBJECT_CONVERSION = YES_AGGRESSIVE;
				CLANG_CXX_LANGUAGE_STANDARD = "gnu++14";
				CLANG_CXX_LIBRARY = "libc++";
				CLANG_ENABLE_MODULES = YES;
				CLANG_ENABLE_OBJC_ARC = YES;
				CLANG_ENABLE_OBJC_WEAK = YES;
				CLANG_WARN_BLOCK_CAPTURE_AUTORELEASING = YES;
				CLANG_WARN_BOOL_CONVERSION = YES;
				CLANG_WARN_COMMA = YES;
				CLANG_WARN_CONSTANT_CONVERSION = YES;
				CLANG_WARN_DEPRECATED_OBJC_IMPLEMENTATIONS = YES;
				CLANG_WARN_DIRECT_OBJC_ISA_USAGE = YES_ERROR;
				CLANG_WARN_DOCUMENTATION_COMMENTS = YES;
				CLANG_WARN_EMPTY_BODY = YES;
				CLANG_WARN_ENUM_CONVERSION = YES;
				CLANG_WARN_INFINITE_RECURSION = YES;
				CLANG_WARN_INT_CONVERSION = YES;
				CLANG_WARN_NON_LITERAL_NULL_CONVERSION = YES;
				CLANG_WARN_OBJC_IMPLICIT_RETAIN_SELF = YES;
				CLANG_WARN_OBJC_LITERAL_CONVERSION = YES;
				CLANG_WARN_OBJC_ROOT_CLASS = YES_ERROR;
				CLANG_WARN_QUOTED_INCLUDE_IN_FRAMEWORK_HEADER = YES;
				CLANG_WARN_RANGE_LOOP_ANALYSIS = YES;
				CLANG_WARN_STRICT_PROTOTYPES = YES;
				CLANG_WARN_SUSPICIOUS_MOVE = YES;
				CLANG_WARN_UNGUARDED_AVAILABILITY = YES_AGGRESSIVE;
				CLANG_WARN_UNREACHABLE_CODE = YES;
				CLANG_WARN__DUPLICATE_METHOD_MATCH = YES;
				COPY_PHASE_STRIP = NO;
				DEBUG_INFORMATION_FORMAT = dwarf;
				ENABLE_STRICT_OBJC_MSGSEND = YES;
				ENABLE_TESTABILITY = YES;
				GCC_C_LANGUAGE_STANDARD = gnu11;
				GCC_DYNAMIC_NO_PIC = NO;
				GCC_NO_COMMON_BLOCKS = YES;
				GCC_OPTIMIZATION_LEVEL = 0;
				GCC_PREPROCESSOR_DEFINITIONS = (
					"DEBUG=1",
					"$(inherited)",
				);
				GCC_WARN_64_TO_32_BIT_CONVERSION = YES;
				GCC_WARN_ABOUT_RETURN_TYPE = YES_ERROR;
				GCC_WARN_UNDECLARED_SELECTOR = YES;
				GCC_WARN_UNINITIALIZED_AUTOS = YES_AGGRESSIVE;
				GCC_WARN_UNUSED_FUNCTION = YES;
				GCC_WARN_UNUSED_VARIABLE = YES;
				IPHONEOS_DEPLOYMENT_TARGET = 11.0;
				MTL_ENABLE_DEBUG_INFO = INCLUDE_SOURCE;
				MTL_FAST_MATH = YES;
				ONLY_ACTIVE_ARCH = YES;
				SDKROOT = iphoneos;
				SWIFT_ACTIVE_COMPILATION_CONDITIONS = DEBUG;
				SWIFT_OPTIMIZATION_LEVEL = "-Onone";
			};
			name = Debug;
		};
		B1FF842A263BEA74001AEFFD /* Release */ = {
			isa = XCBuildConfiguration;
			buildSettings = {
				ALWAYS_SEARCH_USER_PATHS = NO;
				CLANG_ANALYZER_NONNULL = YES;
				CLANG_ANALYZER_NUMBER_OBJECT_CONVERSION = YES_AGGRESSIVE;
				CLANG_CXX_LANGUAGE_STANDARD = "gnu++14";
				CLANG_CXX_LIBRARY = "libc++";
				CLANG_ENABLE_MODULES = YES;
				CLANG_ENABLE_OBJC_ARC = YES;
				CLANG_ENABLE_OBJC_WEAK = YES;
				CLANG_WARN_BLOCK_CAPTURE_AUTORELEASING = YES;
				CLANG_WARN_BOOL_CONVERSION = YES;
				CLANG_WARN_COMMA = YES;
				CLANG_WARN_CONSTANT_CONVERSION = YES;
				CLANG_WARN_DEPRECATED_OBJC_IMPLEMENTATIONS = YES;
				CLANG_WARN_DIRECT_OBJC_ISA_USAGE = YES_ERROR;
				CLANG_WARN_DOCUMENTATION_COMMENTS = YES;
				CLANG_WARN_EMPTY_BODY = YES;
				CLANG_WARN_ENUM_CONVERSION = YES;
				CLANG_WARN_INFINITE_RECURSION = YES;
				CLANG_WARN_INT_CONVERSION = YES;
				CLANG_WARN_NON_LITERAL_NULL_CONVERSION = YES;
				CLANG_WARN_OBJC_IMPLICIT_RETAIN_SELF = YES;
				CLANG_WARN_OBJC_LITERAL_CONVERSION = YES;
				CLANG_WARN_OBJC_ROOT_CLASS = YES_ERROR;
				CLANG_WARN_QUOTED_INCLUDE_IN_FRAMEWORK_HEADER = YES;
				CLANG_WARN_RANGE_LOOP_ANALYSIS = YES;
				CLANG_WARN_STRICT_PROTOTYPES = YES;
				CLANG_WARN_SUSPICIOUS_MOVE = YES;
				CLANG_WARN_UNGUARDED_AVAILABILITY = YES_AGGRESSIVE;
				CLANG_WARN_UNREACHABLE_CODE = YES;
				CLANG_WARN__DUPLICATE_METHOD_MATCH = YES;
				COPY_PHASE_STRIP = NO;
				DEBUG_INFORMATION_FORMAT = "dwarf-with-dsym";
				ENABLE_NS_ASSERTIONS = NO;
				ENABLE_STRICT_OBJC_MSGSEND = YES;
				GCC_C_LANGUAGE_STANDARD = gnu11;
				GCC_NO_COMMON_BLOCKS = YES;
				GCC_WARN_64_TO_32_BIT_CONVERSION = YES;
				GCC_WARN_ABOUT_RETURN_TYPE = YES_ERROR;
				GCC_WARN_UNDECLARED_SELECTOR = YES;
				GCC_WARN_UNINITIALIZED_AUTOS = YES_AGGRESSIVE;
				GCC_WARN_UNUSED_FUNCTION = YES;
				GCC_WARN_UNUSED_VARIABLE = YES;
				IPHONEOS_DEPLOYMENT_TARGET = 11.0;
				MTL_ENABLE_DEBUG_INFO = NO;
				MTL_FAST_MATH = YES;
				SDKROOT = iphoneos;
				SWIFT_COMPILATION_MODE = wholemodule;
				SWIFT_OPTIMIZATION_LEVEL = "-O";
				VALIDATE_PRODUCT = YES;
			};
			name = Release;
		};
		B1FF842C263BEA74001AEFFD /* Debug */ = {
			isa = XCBuildConfiguration;
			buildSettings = {
				ASSETCATALOG_COMPILER_APPICON_NAME = AppIcon;
				ASSETCATALOG_COMPILER_GLOBAL_ACCENT_COLOR_NAME = AccentColor;
				CODE_SIGN_STYLE = Automatic;
				DEVELOPMENT_TEAM = PKUVM4XC6D;
				INFOPLIST_FILE = OpenV2EX/Info.plist;
				IPHONEOS_DEPLOYMENT_TARGET = 13.0;
				LD_RUNPATH_SEARCH_PATHS = (
					"$(inherited)",
					"@executable_path/Frameworks",
				);
				PRODUCT_BUNDLE_IDENTIFIER = com.fancy.OpenV2EX;
				PRODUCT_NAME = "$(TARGET_NAME)";
				SWIFT_VERSION = 5.0;
				TARGETED_DEVICE_FAMILY = 1;
			};
			name = Debug;
		};
		B1FF842D263BEA74001AEFFD /* Release */ = {
			isa = XCBuildConfiguration;
			buildSettings = {
				ASSETCATALOG_COMPILER_APPICON_NAME = AppIcon;
				ASSETCATALOG_COMPILER_GLOBAL_ACCENT_COLOR_NAME = AccentColor;
				CODE_SIGN_STYLE = Automatic;
				DEVELOPMENT_TEAM = PKUVM4XC6D;
				INFOPLIST_FILE = OpenV2EX/Info.plist;
				IPHONEOS_DEPLOYMENT_TARGET = 13.0;
				LD_RUNPATH_SEARCH_PATHS = (
					"$(inherited)",
					"@executable_path/Frameworks",
				);
				PRODUCT_BUNDLE_IDENTIFIER = com.fancy.OpenV2EX;
				PRODUCT_NAME = "$(TARGET_NAME)";
				SWIFT_VERSION = 5.0;
				TARGETED_DEVICE_FAMILY = 1;
			};
			name = Release;
		};
/* End XCBuildConfiguration section */

/* Begin XCConfigurationList section */
		B1FF8412263BEA73001AEFFD /* Build configuration list for PBXProject "OpenV2EX" */ = {
			isa = XCConfigurationList;
			buildConfigurations = (
				B1FF8429263BEA74001AEFFD /* Debug */,
				B1FF842A263BEA74001AEFFD /* Release */,
			);
			defaultConfigurationIsVisible = 0;
			defaultConfigurationName = Release;
		};
		B1FF842B263BEA74001AEFFD /* Build configuration list for PBXNativeTarget "OpenV2EX" */ = {
			isa = XCConfigurationList;
			buildConfigurations = (
				B1FF842C263BEA74001AEFFD /* Debug */,
				B1FF842D263BEA74001AEFFD /* Release */,
			);
			defaultConfigurationIsVisible = 0;
			defaultConfigurationName = Release;
		};
/* End XCConfigurationList section */
	};
	rootObject = B1FF840F263BEA73001AEFFD /* Project object */;
}
